
Microsoft Visual Studio Solution File, Format Version 12.00
# Visual Studio Version 17
VisualStudioVersion = 17.5.33516.290
MinimumVisualStudioVersion = 10.0.40219.1
Project("{FAE04EC0-301F-11D3-BF4B-00C04F79EFBC}") = "AllProblems", "P01.InitialSetup\AllProblems.csproj", "{B4EECFFB-F390-4272-9B36-6062A064612B}"
EndProject
Global
	GlobalSection(SolutionConfigurationPlatforms) = preSolution
		Debug|Any CPU = Debug|Any CPU
		Release|Any CPU = Release|Any CPU
	EndGlobalSection
	GlobalSection(ProjectConfigurationPlatforms) = postSolution
		{B4EECFFB-F390-4272-9B36-6062A064612B}.Debug|Any CPU.ActiveCfg = Debug|Any CPU
		{B4EECFFB-F390-4272-9B36-6062A064612B}.Debug|Any CPU.Build.0 = Debug|Any CPU
		{B4EECFFB-F390-4272-9B36-6062A064612B}.Release|Any CPU.ActiveCfg = Release|Any CPU
		{B4EECFFB-F390-4272-9B36-6062A064612B}.Release|Any CPU.Build.0 = Release|Any CPU
	EndGlobalSection
	GlobalSection(SolutionProperties) = preSolution
		HideSolutionNode = FALSE
	EndGlobalSection
	GlobalSection(ExtensibilityGlobals) = postSolution
		SolutionGuid = {1DFE0CF3-91EF-433F-AF39-77D42E3E3252}
	EndGlobalSection
EndGlobal
